
Microsoft Visual Studio Solution File, Format Version 12.00
# Visual Studio Version 16
VisualStudioVersion = 16.0.31729.503
MinimumVisualStudioVersion = 10.0.40219.1
Project("{FAE04EC0-301F-11D3-BF4B-00C04F79EFBC}") = "Task_1", "Exams\Task_1.csproj", "{3CDE9EB1-7D63-4D73-A140-A43419BFE26F}"
EndProject
Project("{FAE04EC0-301F-11D3-BF4B-00C04F79EFBC}") = "Task_2", "Task_2\Task_2.csproj", "{FDF6DDF6-6A15-4A1C-8E7A-4CC5D369D617}"
EndProject
Project("{FAE04EC0-301F-11D3-BF4B-00C04F79EFBC}") = "Task_3", "Task_3\Task_3.csproj", "{D292F177-FD4B-46E9-85F4-20239B03A2F3}"
EndProject
Project("{FAE04EC0-301F-11D3-BF4B-00C04F79EFBC}") = "Task_4", "Task_4\Task_4.csproj", "{D1FD8606-D6C4-446E-8426-6C9B8C185623}"
EndProject
Project("{FAE04EC0-301F-11D3-BF4B-00C04F79EFBC}") = "Task_5", "Task_5\Task_5.csproj", "{92309778-50A6-4436-9CAB-F37D73BBF6DA}"
EndProject
Global
	GlobalSection(SolutionConfigurationPlatforms) = preSolution
		Debug|Any CPU = Debug|Any CPU
		Release|Any CPU = Release|Any CPU
	EndGlobalSection
	GlobalSection(ProjectConfigurationPlatforms) = postSolution
		{3CDE9EB1-7D63-4D73-A140-A43419BFE26F}.Debug|Any CPU.ActiveCfg = Debug|Any CPU
		{3CDE9EB1-7D63-4D73-A140-A43419BFE26F}.Debug|Any CPU.Build.0 = Debug|Any CPU
		{3CDE9EB1-7D63-4D73-A140-A43419BFE26F}.Release|Any CPU.ActiveCfg = Release|Any CPU
		{3CDE9EB1-7D63-4D73-A140-A43419BFE26F}.Release|Any CPU.Build.0 = Release|Any CPU
		{FDF6DDF6-6A15-4A1C-8E7A-4CC5D369D617}.Debug|Any CPU.ActiveCfg = Debug|Any CPU
		{FDF6DDF6-6A15-4A1C-8E7A-4CC5D369D617}.Debug|Any CPU.Build.0 = Debug|Any CPU
		{FDF6DDF6-6A15-4A1C-8E7A-4CC5D369D617}.Release|Any CPU.ActiveCfg = Release|Any CPU
		{FDF6DDF6-6A15-4A1C-8E7A-4CC5D369D617}.Release|Any CPU.Build.0 = Release|Any CPU
		{D292F177-FD4B-46E9-85F4-20239B03A2F3}.Debug|Any CPU.ActiveCfg = Debug|Any CPU
		{D292F177-FD4B-46E9-85F4-20239B03A2F3}.Debug|Any CPU.Build.0 = Debug|Any CPU
		{D292F177-FD4B-46E9-85F4-20239B03A2F3}.Release|Any CPU.ActiveCfg = Release|Any CPU
		{D292F177-FD4B-46E9-85F4-20239B03A2F3}.Release|Any CPU.Build.0 = Release|Any CPU
		{D1FD8606-D6C4-446E-8426-6C9B8C185623}.Debug|Any CPU.ActiveCfg = Debug|Any CPU
		{D1FD8606-D6C4-446E-8426-6C9B8C185623}.Debug|Any CPU.Build.0 = Debug|Any CPU
		{D1FD8606-D6C4-446E-8426-6C9B8C185623}.Release|Any CPU.ActiveCfg = Release|Any CPU
		{D1FD8606-D6C4-446E-8426-6C9B8C185623}.Release|Any CPU.Build.0 = Release|Any CPU
		{92309778-50A6-4436-9CAB-F37D73BBF6DA}.Debug|Any CPU.ActiveCfg = Debug|Any CPU
		{92309778-50A6-4436-9CAB-F37D73BBF6DA}.Debug|Any CPU.Build.0 = Debug|Any CPU
		{92309778-50A6-4436-9CAB-F37D73BBF6DA}.Release|Any CPU.ActiveCfg = Release|Any CPU
		{92309778-50A6-4436-9CAB-F37D73BBF6DA}.Release|Any CPU.Build.0 = Release|Any CPU
	EndGlobalSection
	GlobalSection(SolutionProperties) = preSolution
		HideSolutionNode = FALSE
	EndGlobalSection
	GlobalSection(ExtensibilityGlobals) = postSolution
		SolutionGuid = {DC33183B-5444-4CA5-9BC5-2763A91BF7A9}
	EndGlobalSection
EndGlobal
